
Microsoft Visual Studio Solution File, Format Version 12.00
# Visual Studio Version 17
VisualStudioVersion = 17.8.34408.163
MinimumVisualStudioVersion = 10.0.40219.1
Project("{FAE04EC0-301F-11D3-BF4B-00C04F79EFBC}") = "Smanageemploy", "Smanageemploy\Smanageemploy.csproj", "{C576A6A9-4A85-4245-A752-06476F0543CC}"
EndProject
Global
	GlobalSection(SolutionConfigurationPlatforms) = preSolution
		Debug|Any CPU = Debug|Any CPU
		Release|Any CPU = Release|Any CPU
	EndGlobalSection
	GlobalSection(ProjectConfigurationPlatforms) = postSolution
		{C576A6A9-4A85-4245-A752-06476F0543CC}.Debug|Any CPU.ActiveCfg = Debug|Any CPU
		{C576A6A9-4A85-4245-A752-06476F0543CC}.Debug|Any CPU.Build.0 = Debug|Any CPU
		{C576A6A9-4A85-4245-A752-06476F0543CC}.Release|Any CPU.ActiveCfg = Release|Any CPU
		{C576A6A9-4A85-4245-A752-06476F0543CC}.Release|Any CPU.Build.0 = Release|Any CPU
	EndGlobalSection
	GlobalSection(SolutionProperties) = preSolution
		HideSolutionNode = FALSE
	EndGlobalSection
	GlobalSection(ExtensibilityGlobals) = postSolution
		SolutionGuid = {1B3453F7-092D-4FDB-9A2A-CEE86EDE2850}
	EndGlobalSection
EndGlobal
